
Microsoft Visual Studio Solution File, Format Version 12.00
# Visual Studio Version 17
VisualStudioVersion = 17.8.34525.116
MinimumVisualStudioVersion = 10.0.40219.1
Project("{9A19103F-16F7-4668-BE54-9A1E7A4F7556}") = "SeaFoodShop.API", "SeaFoodShop\SeaFoodShop.API.csproj", "{D2CA8264-916D-40B2-BFD2-CBA706724A28}"
EndProject
Project("{FAE04EC0-301F-11D3-BF4B-00C04F79EFBC}") = "SeaFoodShop.DataContext", "SeaFoodShop.Data\SeaFoodShop.DataContext.csproj", "{0F532D55-ED7D-4228-87AB-12EE0BB85BB4}"
EndProject
Project("{FAE04EC0-301F-11D3-BF4B-00C04F79EFBC}") = "SeaFoodShop.Repository", "SeaFoodShop.Repository\SeaFoodShop.Repository.csproj", "{CF7AAEFB-4ED5-46ED-8D2E-FEA1D4E08C87}"
EndProject
Global
	GlobalSection(SolutionConfigurationPlatforms) = preSolution
		Debug|Any CPU = Debug|Any CPU
		Release|Any CPU = Release|Any CPU
	EndGlobalSection
	GlobalSection(ProjectConfigurationPlatforms) = postSolution
		{D2CA8264-916D-40B2-BFD2-CBA706724A28}.Debug|Any CPU.ActiveCfg = Debug|Any CPU
		{D2CA8264-916D-40B2-BFD2-CBA706724A28}.Debug|Any CPU.Build.0 = Debug|Any CPU
		{D2CA8264-916D-40B2-BFD2-CBA706724A28}.Release|Any CPU.ActiveCfg = Release|Any CPU
		{D2CA8264-916D-40B2-BFD2-CBA706724A28}.Release|Any CPU.Build.0 = Release|Any CPU
		{0F532D55-ED7D-4228-87AB-12EE0BB85BB4}.Debug|Any CPU.ActiveCfg = Debug|Any CPU
		{0F532D55-ED7D-4228-87AB-12EE0BB85BB4}.Debug|Any CPU.Build.0 = Debug|Any CPU
		{0F532D55-ED7D-4228-87AB-12EE0BB85BB4}.Release|Any CPU.ActiveCfg = Release|Any CPU
		{0F532D55-ED7D-4228-87AB-12EE0BB85BB4}.Release|Any CPU.Build.0 = Release|Any CPU
		{CF7AAEFB-4ED5-46ED-8D2E-FEA1D4E08C87}.Debug|Any CPU.ActiveCfg = Debug|Any CPU
		{CF7AAEFB-4ED5-46ED-8D2E-FEA1D4E08C87}.Debug|Any CPU.Build.0 = Debug|Any CPU
		{CF7AAEFB-4ED5-46ED-8D2E-FEA1D4E08C87}.Release|Any CPU.ActiveCfg = Release|Any CPU
		{CF7AAEFB-4ED5-46ED-8D2E-FEA1D4E08C87}.Release|Any CPU.Build.0 = Release|Any CPU
	EndGlobalSection
	GlobalSection(SolutionProperties) = preSolution
		HideSolutionNode = FALSE
	EndGlobalSection
	GlobalSection(ExtensibilityGlobals) = postSolution
		SolutionGuid = {4A536DF3-F3D3-4BC6-B67C-A9AB0690166E}
	EndGlobalSection
EndGlobal
